
Microsoft Visual Studio Solution File, Format Version 12.00
# Visual Studio 2013
VisualStudioVersion = 12.0.21005.1
MinimumVisualStudioVersion = 10.0.40219.1
Project("{FAE04EC0-301F-11D3-BF4B-00C04F79EFBC}") = "JQueryDataTables", "JQueryDataTables\JQueryDataTables.csproj", "{9EFD0F92-0881-4D03-A06B-3D7BC1BF41FF}"
EndProject
Global
	GlobalSection(SolutionConfigurationPlatforms) = preSolution
		Debug|Any CPU = Debug|Any CPU
		Release|Any CPU = Release|Any CPU
	EndGlobalSection
	GlobalSection(ProjectConfigurationPlatforms) = postSolution
		{9EFD0F92-0881-4D03-A06B-3D7BC1BF41FF}.Debug|Any CPU.ActiveCfg = Debug|Any CPU
		{9EFD0F92-0881-4D03-A06B-3D7BC1BF41FF}.Debug|Any CPU.Build.0 = Debug|Any CPU
		{9EFD0F92-0881-4D03-A06B-3D7BC1BF41FF}.Release|Any CPU.ActiveCfg = Release|Any CPU
		{9EFD0F92-0881-4D03-A06B-3D7BC1BF41FF}.Release|Any CPU.Build.0 = Release|Any CPU
	EndGlobalSection
	GlobalSection(SolutionProperties) = preSolution
		HideSolutionNode = FALSE
	EndGlobalSection
EndGlobal
